
Microsoft Visual Studio Solution File, Format Version 12.00
# Visual Studio Version 16
VisualStudioVersion = 16.0.30114.105
MinimumVisualStudioVersion = 10.0.40219.1
Project("{FAE04EC0-301F-11D3-BF4B-00C04F79EFBC}") = "toll-calculator", "toll-calculator\toll-calculator.csproj", "{BD99277D-7E28-4C76-9AE6-93F9DC6F9795}"
EndProject
Global
	GlobalSection(SolutionConfigurationPlatforms) = preSolution
		Debug|Any CPU = Debug|Any CPU
		Release|Any CPU = Release|Any CPU
	EndGlobalSection
	GlobalSection(ProjectConfigurationPlatforms) = postSolution
		{BD99277D-7E28-4C76-9AE6-93F9DC6F9795}.Debug|Any CPU.ActiveCfg = Debug|Any CPU
		{BD99277D-7E28-4C76-9AE6-93F9DC6F9795}.Debug|Any CPU.Build.0 = Debug|Any CPU
		{BD99277D-7E28-4C76-9AE6-93F9DC6F9795}.Release|Any CPU.ActiveCfg = Release|Any CPU
		{BD99277D-7E28-4C76-9AE6-93F9DC6F9795}.Release|Any CPU.Build.0 = Release|Any CPU
	EndGlobalSection
	GlobalSection(SolutionProperties) = preSolution
		HideSolutionNode = FALSE
	EndGlobalSection
	GlobalSection(ExtensibilityGlobals) = postSolution
		SolutionGuid = {F1ED0414-2E4A-4012-8FE1-F952E832670C}
	EndGlobalSection
EndGlobal
